
Microsoft Visual Studio Solution File, Format Version 12.00
# Visual Studio Version 16
VisualStudioVersion = 16.0.31410.357
MinimumVisualStudioVersion = 10.0.40219.1
Project("{FAE04EC0-301F-11D3-BF4B-00C04F79EFBC}") = "MvcUserForm", "MvcUserForm.csproj", "{98EFC09A-A96F-4E86-8770-468434B3C6E9}"
EndProject
Global
	GlobalSection(SolutionConfigurationPlatforms) = preSolution
		Debug|Any CPU = Debug|Any CPU
		Release|Any CPU = Release|Any CPU
	EndGlobalSection
	GlobalSection(ProjectConfigurationPlatforms) = postSolution
		{98EFC09A-A96F-4E86-8770-468434B3C6E9}.Debug|Any CPU.ActiveCfg = Debug|Any CPU
		{98EFC09A-A96F-4E86-8770-468434B3C6E9}.Debug|Any CPU.Build.0 = Debug|Any CPU
		{98EFC09A-A96F-4E86-8770-468434B3C6E9}.Release|Any CPU.ActiveCfg = Release|Any CPU
		{98EFC09A-A96F-4E86-8770-468434B3C6E9}.Release|Any CPU.Build.0 = Release|Any CPU
	EndGlobalSection
	GlobalSection(SolutionProperties) = preSolution
		HideSolutionNode = FALSE
	EndGlobalSection
	GlobalSection(ExtensibilityGlobals) = postSolution
		SolutionGuid = {36DAE4FD-EA33-4767-AF68-668E7DE9CB7D}
	EndGlobalSection
EndGlobal
